
Microsoft Visual Studio Solution File, Format Version 11.00
# Visual Studio 2010
Project("{8BC9CEB8-8B4A-11D0-8D11-00A0C91BC942}") = "John_Weak_Level_03", "John_Weak_Level_03\John_Weak_Level_03.vcxproj", "{36437310-FDE3-4849-82DD-F828098BD721}"
EndProject
Global
	GlobalSection(SolutionConfigurationPlatforms) = preSolution
		Debug|Win32 = Debug|Win32
		Release|Win32 = Release|Win32
	EndGlobalSection
	GlobalSection(ProjectConfigurationPlatforms) = postSolution
		{36437310-FDE3-4849-82DD-F828098BD721}.Debug|Win32.ActiveCfg = Debug|Win32
		{36437310-FDE3-4849-82DD-F828098BD721}.Debug|Win32.Build.0 = Debug|Win32
		{36437310-FDE3-4849-82DD-F828098BD721}.Release|Win32.ActiveCfg = Release|Win32
		{36437310-FDE3-4849-82DD-F828098BD721}.Release|Win32.Build.0 = Release|Win32
	EndGlobalSection
	GlobalSection(SolutionProperties) = preSolution
		HideSolutionNode = FALSE
	EndGlobalSection
EndGlobal
