
Microsoft Visual Studio Solution File, Format Version 11.00
# Visual Studio 2010
Project("{8BC9CEB8-8B4A-11D0-8D11-00A0C91BC942}") = "Lab", "Lab\Lab.vcxproj", "{97C25422-41EB-4509-850D-A4EADF2C5B15}"
EndProject
Global
	GlobalSection(SolutionConfigurationPlatforms) = preSolution
		Debug|Win32 = Debug|Win32
		Release|Win32 = Release|Win32
	EndGlobalSection
	GlobalSection(ProjectConfigurationPlatforms) = postSolution
		{97C25422-41EB-4509-850D-A4EADF2C5B15}.Debug|Win32.ActiveCfg = Debug|Win32
		{97C25422-41EB-4509-850D-A4EADF2C5B15}.Debug|Win32.Build.0 = Debug|Win32
		{97C25422-41EB-4509-850D-A4EADF2C5B15}.Release|Win32.ActiveCfg = Release|Win32
		{97C25422-41EB-4509-850D-A4EADF2C5B15}.Release|Win32.Build.0 = Release|Win32
	EndGlobalSection
	GlobalSection(SolutionProperties) = preSolution
		HideSolutionNode = FALSE
	EndGlobalSection
EndGlobal
