
Microsoft Visual Studio Solution File, Format Version 11.00
# Visual Studio 2010
Project("{8BC9CEB8-8B4A-11D0-8D11-00A0C91BC942}") = "menu", "menu\menu.vcxproj", "{CC5A7FE6-86AB-499F-A485-FE0B4B17B76B}"
EndProject
Global
	GlobalSection(SolutionConfigurationPlatforms) = preSolution
		Debug|Win32 = Debug|Win32
		Release|Win32 = Release|Win32
	EndGlobalSection
	GlobalSection(ProjectConfigurationPlatforms) = postSolution
		{CC5A7FE6-86AB-499F-A485-FE0B4B17B76B}.Debug|Win32.ActiveCfg = Debug|Win32
		{CC5A7FE6-86AB-499F-A485-FE0B4B17B76B}.Debug|Win32.Build.0 = Debug|Win32
		{CC5A7FE6-86AB-499F-A485-FE0B4B17B76B}.Release|Win32.ActiveCfg = Release|Win32
		{CC5A7FE6-86AB-499F-A485-FE0B4B17B76B}.Release|Win32.Build.0 = Release|Win32
	EndGlobalSection
	GlobalSection(SolutionProperties) = preSolution
		HideSolutionNode = FALSE
	EndGlobalSection
EndGlobal
